{
  "R": {
    "Version": "4.0.3",
    "Repositories": [
      {
        "Name": "CRAN",
        "URL": "https://cloud.r-project.org"
      }
    ]
  },
  "Packages": {
    "BH": {
      "Package": "BH",
      "Version": "1.75.0-0",
      "Source": "Repository",
      "Repository": "CRAN",
      "Hash": "e4c04affc2cac20c8fec18385cd14691"
    },
    "R6": {
      "Package": "R6",
      "Version": "2.5.0",
      "Source": "Repository",
      "Repository": "CRAN",
      "Hash": "b203113193e70978a696b2809525649d"
    },
    "Rcpp": {
      "Package": "Rcpp",
      "Version": "1.0.6",
      "Source": "Repository",
      "Repository": "CRAN",
      "Hash": "dbb5e436998a7eba5a9d682060533338"
    },
    "crayon": {
      "Package": "crayon",
      "Version": "1.4.1",
      "Source": "Repository",
      "Repository": "CRAN",
      "Hash": "e75525c55c70e5f4f78c9960a4b402e9"
    },
    "curl": {
      "Package": "curl",
      "Version": "4.3",
      "Source": "Repository",
      "Repository": "CRAN",
      "Hash": "2b7d10581cc730804e9ed178c8374bd6"
    },
    "glue": {
      "Package": "glue",
      "Version": "1.4.2",
      "Source": "Repository",
      "Repository": "CRAN",
      "Hash": "6efd734b14c6471cfe443345f3e35e29"
    },
    "httpuv": {
      "Package": "httpuv",
      "Version": "1.5.5",
      "Source": "Repository",
      "Repository": "CRAN",
      "Hash": "b9d5d39be2150cf86538b8488334b8f8"
    },
    "jsonlite": {
      "Package": "jsonlite",
      "Version": "1.7.2",
      "Source": "Repository",
      "Repository": "CRAN",
      "Hash": "98138e0994d41508c7a6b84a0600cfcb"
    },
    "later": {
      "Package": "later",
      "Version": "1.1.0.1",
      "Source": "Repository",
      "Repository": "CRAN",
      "Hash": "d0a62b247165aabf397fded504660d8a"
    },
    "lifecycle": {
      "Package": "lifecycle",
      "Version": "1.0.0",
      "Source": "Repository",
      "Repository": "CRAN",
      "Hash": "3471fb65971f1a7b2d4ae7848cf2db8d"
    },
    "magrittr": {
      "Package": "magrittr",
      "Version": "2.0.1",
      "Source": "Repository",
      "Repository": "CRAN",
      "Hash": "41287f1ac7d28a92f0a286ed507928d3"
    },
    "mime": {
      "Package": "mime",
      "Version": "0.10",
      "Source": "Repository",
      "Repository": "CRAN",
      "Hash": "26fa77e707223e1ce042b2b5d09993dc"
    },
    "palmerpenguins": {
      "Package": "palmerpenguins",
      "Version": "0.1.0",
      "Source": "Repository",
      "Repository": "CRAN",
      "Hash": "9a455031890b2adf20e19784a114ddd4"
    },
    "plumber": {
      "Package": "plumber",
      "Version": "1.0.0",
      "Source": "Repository",
      "Repository": "CRAN",
      "Hash": "4d095c702eaa44af48ad6b2a7b48753e"
    },
    "promises": {
      "Package": "promises",
      "Version": "1.2.0.1",
      "Source": "Repository",
      "Repository": "CRAN",
      "Hash": "4ab2c43adb4d4699cf3690acd378d75d"
    },
    "renv": {
      "Package": "renv",
      "Version": "0.12.5",
      "Source": "Repository",
      "Repository": "CRAN",
      "Hash": "5c0cdb37f063c58cdab3c7e9fbb8bd2c"
    },
    "rlang": {
      "Package": "rlang",
      "Version": "0.4.10",
      "Source": "Repository",
      "Repository": "CRAN",
      "Hash": "599df23c40a4fce9c7b4764f28c37857"
    },
    "sodium": {
      "Package": "sodium",
      "Version": "1.1",
      "Source": "Repository",
      "Repository": "CRAN",
      "Hash": "9f07fda8802e9a2ed7e91f20f2d814ce"
    },
    "stringi": {
      "Package": "stringi",
      "Version": "1.5.3",
      "Source": "Repository",
      "Repository": "CRAN",
      "Hash": "a063ebea753c92910a4cca7b18bc1f05"
    },
    "swagger": {
      "Package": "swagger",
      "Version": "3.33.1",
      "Source": "Repository",
      "Repository": "CRAN",
      "Hash": "f28d25ed70c903922254157c11b0081d"
    },
    "webutils": {
      "Package": "webutils",
      "Version": "1.1",
      "Source": "Repository",
      "Repository": "CRAN",
      "Hash": "75d8b5b05fe22659b54076563f83f26a"
    }
  }
}
